<?xml version="1.0" encoding="UTF-8"?>
<Scheme
   version = "1.3">
   <BuildAction>
      <BuildActionEntries>
         <BuildActionEntry
            buildForRunning = "YES">
            <BuildableReference
               BuildableIdentifier = "primary"
               BlueprintIdentifier = "87374E43E0520268D25652F5"
               BuildableName = "iOS Base Project.app"
               BlueprintName = "iOS Base Project"
               ReferencedContainer = "container:iOS Base Project.xcodeproj">
            </BuildableReference>
         </BuildActionEntry>
      </BuildActionEntries>
   </BuildAction>
   <LaunchAction
      useCustomWorkingDirectory = "NO"
      buildConfiguration = "Debug">
      <BuildableProductRunnable>
         <BuildableReference
            BuildableIdentifier = "primary"
            BlueprintIdentifier = "87374E43E0520268D25652F5"
            BuildableName = "iOS Base Project.app"
            BlueprintName = "iOS Base Project"
            ReferencedContainer = "container:iOS Base Project.xcodeproj">
         </BuildableReference>
      </BuildableProductRunnable>
   </LaunchAction>
</Scheme>
